<?xml version="1.0" encoding="utf-8"?>
<Project ToolsVersion="4.0" xmlns="http://schemas.microsoft.com/developer/msbuild/2003">
  <ItemGroup>
    <Filter Include="Source Files">
      <UniqueIdentifier>{4FC737F1-C7A5-4376-A066-2A32D752A2FF}</UniqueIdentifier>
      <Extensions>cpp;c;cc;cxx;def;odl;idl;hpj;bat;asm;asmx</Extensions>
    </Filter>
    <Filter Include="Source Files\D2 Internals">
      <UniqueIdentifier>{64a45a96-9568-4e0d-98a2-d207cae0032b}</UniqueIdentifier>
    </Filter>
    <Filter Include="Source Files\Main">
      <UniqueIdentifier>{242e62e1-868d-4a52-acf3-77bf2c09e4a1}</UniqueIdentifier>
    </Filter>
    <Filter Include="Source Files\Misc">
      <UniqueIdentifier>{bcbc4947-a878-464e-a003-09071e8f50ae}</UniqueIdentifier>
    </Filter>
    <Filter Include="Source Files\Controls">
      <UniqueIdentifier>{5c5d3828-17a2-4938-8094-214223642ef8}</UniqueIdentifier>
    </Filter>
    <Filter Include="Source Files\Temp">
      <UniqueIdentifier>{9bec27f1-1fff-4a74-a7de-788cf5cbc573}</UniqueIdentifier>
    </Filter>
    <Filter Include="Header Files">
      <UniqueIdentifier>{93995380-89BD-4b04-88EB-625FBE52EBFB}</UniqueIdentifier>
      <Extensions>h;hpp;hxx;hm;inl;inc;xsd</Extensions>
    </Filter>
    <Filter Include="Header Files\D2 Internals">
      <UniqueIdentifier>{0789c1ec-a9ac-4a88-93b1-94c7ab873269}</UniqueIdentifier>
    </Filter>
    <Filter Include="Header Files\Main">
      <UniqueIdentifier>{2f3618c3-8bee-4617-a640-cfe38d6ef487}</UniqueIdentifier>
    </Filter>
    <Filter Include="Header Files\Misc">
      <UniqueIdentifier>{921c7cb3-e261-41a4-90ee-8d50e28ff37f}</UniqueIdentifier>
    </Filter>
    <Filter Include="Header Files\Controls">
      <UniqueIdentifier>{ba67761f-4d48-4bed-8a36-00b4a50410d8}</UniqueIdentifier>
    </Filter>
  </ItemGroup>
  <ItemGroup>
    <ClCompile Include="D2Stubs.cpp">
      <Filter>Source Files\D2 Internals</Filter>
    </ClCompile>
    <ClCompile Include="Offset.cpp">
      <Filter>Source Files\D2 Internals</Filter>
    </ClCompile>
    <ClCompile Include="D2Ex2.cpp">
      <Filter>Source Files\Main</Filter>
    </ClCompile>
    <ClCompile Include="ExBuffs.cpp">
      <Filter>Source Files\Main</Filter>
    </ClCompile>
    <ClCompile Include="ExChat.cpp">
      <Filter>Source Files\Main</Filter>
    </ClCompile>
    <ClCompile Include="ExDownload.cpp">
      <Filter>Source Files\Main</Filter>
    </ClCompile>
    <ClCompile Include="ExEntryText.cpp">
      <Filter>Source Files\Main</Filter>
    </ClCompile>
    <ClCompile Include="ExEvents.cpp">
      <Filter>Source Files\Main</Filter>
    </ClCompile>
    <ClCompile Include="ExFriends.cpp">
      <Filter>Source Files\Main</Filter>
    </ClCompile>
    <ClCompile Include="ExInput.cpp">
      <Filter>Source Files\Main</Filter>
    </ClCompile>
    <ClCompile Include="ExLoading.cpp">
      <Filter>Source Files\Main</Filter>
    </ClCompile>
    <ClCompile Include="ExMapReveal.cpp">
      <Filter>Source Files\Main</Filter>
    </ClCompile>
    <ClCompile Include="ExOOG.cpp">
      <Filter>Source Files\Main</Filter>
    </ClCompile>
    <ClCompile Include="ExOptions.cpp">
      <Filter>Source Files\Main</Filter>
    </ClCompile>
    <ClCompile Include="ExParty.cpp">
      <Filter>Source Files\Main</Filter>
    </ClCompile>
    <ClCompile Include="ExPrecast.cpp">
      <Filter>Source Files\Main</Filter>
    </ClCompile>
    <ClCompile Include="ExScreen.cpp">
      <Filter>Source Files\Main</Filter>
    </ClCompile>
    <ClCompile Include="ExSpectator.cpp">
      <Filter>Source Files\Main</Filter>
    </ClCompile>
    <ClCompile Include="ExMPQ.cpp">
      <Filter>Source Files\Misc</Filter>
    </ClCompile>
    <ClCompile Include="Misc.cpp">
      <Filter>Source Files\Misc</Filter>
    </ClCompile>
    <ClCompile Include="stdafx.cpp">
      <Filter>Source Files\Misc</Filter>
    </ClCompile>
    <ClCompile Include="ExBox.cpp">
      <Filter>Source Files\Controls</Filter>
    </ClCompile>
    <ClCompile Include="ExButton.cpp">
      <Filter>Source Files\Controls</Filter>
    </ClCompile>
    <ClCompile Include="ExCellFile.cpp">
      <Filter>Source Files\Controls</Filter>
    </ClCompile>
    <ClCompile Include="ExControl.cpp">
      <Filter>Source Files\Controls</Filter>
    </ClCompile>
    <ClCompile Include="ExEditBox.cpp">
      <Filter>Source Files\Controls</Filter>
    </ClCompile>
    <ClCompile Include="ExImage.cpp">
      <Filter>Source Files\Controls</Filter>
    </ClCompile>
    <ClCompile Include="ExLagometer.cpp">
      <Filter>Source Files\Controls</Filter>
    </ClCompile>
    <ClCompile Include="ExRectangle.cpp">
      <Filter>Source Files\Controls</Filter>
    </ClCompile>
    <ClCompile Include="ExScrollBar.cpp">
      <Filter>Source Files\Controls</Filter>
    </ClCompile>
    <ClCompile Include="ExTextBox.cpp">
      <Filter>Source Files\Controls</Filter>
    </ClCompile>
    <ClCompile Include="ExWindow.cpp">
      <Filter>Source Files\Controls</Filter>
    </ClCompile>
    <ClCompile Include="CollisionMap.cpp">
      <Filter>Source Files\Temp</Filter>
    </ClCompile>
    <ClCompile Include="ExAim.cpp">
      <Filter>Source Files\Temp</Filter>
    </ClCompile>
    <ClCompile Include="TeleportPath.cpp">
      <Filter>Source Files\Temp</Filter>
    </ClCompile>
    <ClCompile Include="ExMultiRes.cpp">
      <Filter>Source Files\Main</Filter>
    </ClCompile>
  </ItemGroup>
  <ItemGroup>
    <ClInclude Include="ArrayEx.h">
      <Filter>Source Files\Temp</Filter>
    </ClInclude>
    <ClInclude Include="CollisionMap.h">
      <Filter>Source Files\Temp</Filter>
    </ClInclude>
    <ClInclude Include="ExAim.h">
      <Filter>Source Files\Temp</Filter>
    </ClInclude>
    <ClInclude Include="Matrix.h">
      <Filter>Source Files\Temp</Filter>
    </ClInclude>
    <ClInclude Include="SyncObj.h">
      <Filter>Source Files\Temp</Filter>
    </ClInclude>
    <ClInclude Include="TeleportPath.h">
      <Filter>Source Files\Temp</Filter>
    </ClInclude>
    <ClInclude Include="Constants.h">
      <Filter>Header Files\D2 Internals</Filter>
    </ClInclude>
    <ClInclude Include="D2DataTables.h">
      <Filter>Header Files\D2 Internals</Filter>
    </ClInclude>
    <ClInclude Include="D2Stubs.h">
      <Filter>Header Files\D2 Internals</Filter>
    </ClInclude>
    <ClInclude Include="Offset.h">
      <Filter>Header Files\D2 Internals</Filter>
    </ClInclude>
    <ClInclude Include="ExBuffs.h">
      <Filter>Header Files\Main</Filter>
    </ClInclude>
    <ClInclude Include="ExChat.h">
      <Filter>Header Files\Main</Filter>
    </ClInclude>
    <ClInclude Include="ExDownload.h">
      <Filter>Header Files\Main</Filter>
    </ClInclude>
    <ClInclude Include="ExEntryText.h">
      <Filter>Header Files\Main</Filter>
    </ClInclude>
    <ClInclude Include="ExEvents.h">
      <Filter>Header Files\Main</Filter>
    </ClInclude>
    <ClInclude Include="ExFriends.h">
      <Filter>Header Files\Main</Filter>
    </ClInclude>
    <ClInclude Include="ExInput.h">
      <Filter>Header Files\Main</Filter>
    </ClInclude>
    <ClInclude Include="ExLoading.h">
      <Filter>Header Files\Main</Filter>
    </ClInclude>
    <ClInclude Include="ExMapReveal.h">
      <Filter>Header Files\Main</Filter>
    </ClInclude>
    <ClInclude Include="ExOOG.h">
      <Filter>Header Files\Main</Filter>
    </ClInclude>
    <ClInclude Include="ExOptions.h">
      <Filter>Header Files\Main</Filter>
    </ClInclude>
    <ClInclude Include="ExParty.h">
      <Filter>Header Files\Main</Filter>
    </ClInclude>
    <ClInclude Include="ExPrecast.h">
      <Filter>Header Files\Main</Filter>
    </ClInclude>
    <ClInclude Include="ExScreen.h">
      <Filter>Header Files\Main</Filter>
    </ClInclude>
    <ClInclude Include="ExSpectator.h">
      <Filter>Header Files\Main</Filter>
    </ClInclude>
    <ClInclude Include="ExMPQ.h">
      <Filter>Header Files\Misc</Filter>
    </ClInclude>
    <ClInclude Include="Misc.h">
      <Filter>Header Files\Misc</Filter>
    </ClInclude>
    <ClInclude Include="stdAfx.h">
      <Filter>Header Files\Misc</Filter>
    </ClInclude>
    <ClInclude Include="Vars.h">
      <Filter>Header Files\Misc</Filter>
    </ClInclude>
    <ClInclude Include="ExBox.h">
      <Filter>Header Files\Controls</Filter>
    </ClInclude>
    <ClInclude Include="ExButton.h">
      <Filter>Header Files\Controls</Filter>
    </ClInclude>
    <ClInclude Include="ExCellFile.h">
      <Filter>Header Files\Controls</Filter>
    </ClInclude>
    <ClInclude Include="ExControl.h">
      <Filter>Header Files\Controls</Filter>
    </ClInclude>
    <ClInclude Include="ExEditBox.h">
      <Filter>Header Files\Controls</Filter>
    </ClInclude>
    <ClInclude Include="ExImage.h">
      <Filter>Header Files\Controls</Filter>
    </ClInclude>
    <ClInclude Include="ExLagometer.h">
      <Filter>Header Files\Controls</Filter>
    </ClInclude>
    <ClInclude Include="ExRectangle.h">
      <Filter>Header Files\Controls</Filter>
    </ClInclude>
    <ClInclude Include="ExScrollBar.h">
      <Filter>Header Files\Controls</Filter>
    </ClInclude>
    <ClInclude Include="ExTextBox.h">
      <Filter>Header Files\Controls</Filter>
    </ClInclude>
    <ClInclude Include="ExWindow.h">
      <Filter>Header Files\Controls</Filter>
    </ClInclude>
    <ClInclude Include="Build.h">
      <Filter>Header Files</Filter>
    </ClInclude>
    <ClInclude Include="D2Structs_113D.h">
      <Filter>Header Files\D2 Internals</Filter>
    </ClInclude>
    <ClInclude Include="D2Structs_111B.h">
      <Filter>Header Files\D2 Internals</Filter>
    </ClInclude>
    <ClInclude Include="ExMultiRes.h">
      <Filter>Header Files\Main</Filter>
    </ClInclude>
    <ClInclude Include="CommonStructs.h">
      <Filter>Header Files\D2 Internals</Filter>
    </ClInclude>
    <ClInclude Include="D2ExPointers_113D.h">
      <Filter>Header Files\D2 Internals</Filter>
    </ClInclude>
    <ClInclude Include="D2ExPointers_111B.h">
      <Filter>Header Files\D2 Internals</Filter>
    </ClInclude>
  </ItemGroup>
</Project>